
Microsoft Visual Studio Solution File, Format Version 12.00
# Visual Studio Version 16
VisualStudioVersion = 16.0.30114.105
MinimumVisualStudioVersion = 10.0.40219.1
Project("{FAE04EC0-301F-11D3-BF4B-00C04F79EFBC}") = "TestSocket", "TestSocket\TestSocket.csproj", "{62838994-4DFB-4DC7-955C-7DCB3FCD5F9F}"
EndProject
Global
	GlobalSection(SolutionConfigurationPlatforms) = preSolution
		Debug|Any CPU = Debug|Any CPU
		Release|Any CPU = Release|Any CPU
	EndGlobalSection
	GlobalSection(ProjectConfigurationPlatforms) = postSolution
		{62838994-4DFB-4DC7-955C-7DCB3FCD5F9F}.Debug|Any CPU.ActiveCfg = Debug|Any CPU
		{62838994-4DFB-4DC7-955C-7DCB3FCD5F9F}.Debug|Any CPU.Build.0 = Debug|Any CPU
		{62838994-4DFB-4DC7-955C-7DCB3FCD5F9F}.Release|Any CPU.ActiveCfg = Release|Any CPU
		{62838994-4DFB-4DC7-955C-7DCB3FCD5F9F}.Release|Any CPU.Build.0 = Release|Any CPU
	EndGlobalSection
	GlobalSection(SolutionProperties) = preSolution
		HideSolutionNode = FALSE
	EndGlobalSection
	GlobalSection(ExtensibilityGlobals) = postSolution
		SolutionGuid = {7AEB0353-C1D7-4AFA-85A0-100286DA89C6}
	EndGlobalSection
EndGlobal
